{"filter":false,"title":"package-lock.json","tooltip":"/my-react-app/package-lock.json","undoManager":{"mark":-1,"position":-1,"stack":[]},"ace":{"folds":[],"scrolltop":0,"scrollleft":0,"selection":{"start":{"row":0,"column":0},"end":{"row":0,"column":0},"isBackwards":false},"options":{"guessTabSize":true,"useWrapMode":false,"wrapToView":true},"firstLineState":0},"timestamp":1718980306941,"hash":"0e82f52d56addf762e44e4ed789a637c70b30e56"}